
Microsoft Visual Studio Solution File, Format Version 12.00
# Visual Studio Version 16
VisualStudioVersion = 16.0.30804.86
MinimumVisualStudioVersion = 10.0.40219.1
Project("{FAE04EC0-301F-11D3-BF4B-00C04F79EFBC}") = "Ticketings.Microservice", "src\Ticketings.Microservice\Ticketings.Microservice.csproj", "{3E197F50-6363-4690-A4F5-88A9CDCD71E2}"
EndProject
Project("{FAE04EC0-301F-11D3-BF4B-00C04F79EFBC}") = "OrderProcessings.Microservice", "src\OrderProcessings.Microservice\OrderProcessings.Microservice.csproj", "{6D4D36E2-B725-4756-8DC6-23DE9A3C7C96}"
EndProject
Project("{FAE04EC0-301F-11D3-BF4B-00C04F79EFBC}") = "Shared", "src\Shared\Shared.csproj", "{95A5FCF8-7ABF-4D64-8C43-2AF1496803A3}"
EndProject
Global
	GlobalSection(SolutionConfigurationPlatforms) = preSolution
		Debug|Any CPU = Debug|Any CPU
		Release|Any CPU = Release|Any CPU
	EndGlobalSection
	GlobalSection(ProjectConfigurationPlatforms) = postSolution
		{3E197F50-6363-4690-A4F5-88A9CDCD71E2}.Debug|Any CPU.ActiveCfg = Debug|Any CPU
		{3E197F50-6363-4690-A4F5-88A9CDCD71E2}.Debug|Any CPU.Build.0 = Debug|Any CPU
		{3E197F50-6363-4690-A4F5-88A9CDCD71E2}.Release|Any CPU.ActiveCfg = Release|Any CPU
		{3E197F50-6363-4690-A4F5-88A9CDCD71E2}.Release|Any CPU.Build.0 = Release|Any CPU
		{6D4D36E2-B725-4756-8DC6-23DE9A3C7C96}.Debug|Any CPU.ActiveCfg = Debug|Any CPU
		{6D4D36E2-B725-4756-8DC6-23DE9A3C7C96}.Debug|Any CPU.Build.0 = Debug|Any CPU
		{6D4D36E2-B725-4756-8DC6-23DE9A3C7C96}.Release|Any CPU.ActiveCfg = Release|Any CPU
		{6D4D36E2-B725-4756-8DC6-23DE9A3C7C96}.Release|Any CPU.Build.0 = Release|Any CPU
		{95A5FCF8-7ABF-4D64-8C43-2AF1496803A3}.Debug|Any CPU.ActiveCfg = Debug|Any CPU
		{95A5FCF8-7ABF-4D64-8C43-2AF1496803A3}.Debug|Any CPU.Build.0 = Debug|Any CPU
		{95A5FCF8-7ABF-4D64-8C43-2AF1496803A3}.Release|Any CPU.ActiveCfg = Release|Any CPU
		{95A5FCF8-7ABF-4D64-8C43-2AF1496803A3}.Release|Any CPU.Build.0 = Release|Any CPU
	EndGlobalSection
	GlobalSection(SolutionProperties) = preSolution
		HideSolutionNode = FALSE
	EndGlobalSection
	GlobalSection(ExtensibilityGlobals) = postSolution
		SolutionGuid = {A985FB8D-05F2-4FEC-866D-3C1AB9462C5C}
	EndGlobalSection
EndGlobal
